
Microsoft Visual Studio Solution File, Format Version 12.00
# Visual Studio 15
VisualStudioVersion = 15.0.28307.438
MinimumVisualStudioVersion = 10.0.40219.1
Project("{8BC9CEB8-8B4A-11D0-8D11-00A0C91BC942}") = "ImageRanker", "ImageRanker\ImageRanker.vcxproj", "{780AE501-73CA-4787-B870-3DD9B628B58E}"
EndProject
Global
	GlobalSection(SolutionConfigurationPlatforms) = preSolution
		Debug|x64 = Debug|x64
		Debug|x86 = Debug|x86
		Release_debug|x64 = Release_debug|x64
		Release_debug|x86 = Release_debug|x86
		Release|x64 = Release|x64
		Release|x86 = Release|x86
	EndGlobalSection
	GlobalSection(ProjectConfigurationPlatforms) = postSolution
		{780AE501-73CA-4787-B870-3DD9B628B58E}.Debug|x64.ActiveCfg = Debug|x64
		{780AE501-73CA-4787-B870-3DD9B628B58E}.Debug|x64.Build.0 = Debug|x64
		{780AE501-73CA-4787-B870-3DD9B628B58E}.Debug|x86.ActiveCfg = Debug|Win32
		{780AE501-73CA-4787-B870-3DD9B628B58E}.Debug|x86.Build.0 = Debug|Win32
		{780AE501-73CA-4787-B870-3DD9B628B58E}.Release_debug|x64.ActiveCfg = Release_debug|x64
		{780AE501-73CA-4787-B870-3DD9B628B58E}.Release_debug|x64.Build.0 = Release_debug|x64
		{780AE501-73CA-4787-B870-3DD9B628B58E}.Release_debug|x86.ActiveCfg = Release_debug|Win32
		{780AE501-73CA-4787-B870-3DD9B628B58E}.Release_debug|x86.Build.0 = Release_debug|Win32
		{780AE501-73CA-4787-B870-3DD9B628B58E}.Release|x64.ActiveCfg = Release|x64
		{780AE501-73CA-4787-B870-3DD9B628B58E}.Release|x64.Build.0 = Release|x64
		{780AE501-73CA-4787-B870-3DD9B628B58E}.Release|x86.ActiveCfg = Release|Win32
		{780AE501-73CA-4787-B870-3DD9B628B58E}.Release|x86.Build.0 = Release|Win32
	EndGlobalSection
	GlobalSection(SolutionProperties) = preSolution
		HideSolutionNode = FALSE
	EndGlobalSection
	GlobalSection(ExtensibilityGlobals) = postSolution
		SolutionGuid = {EA27DCC2-F6B0-4906-A9E5-8166D0633FFB}
	EndGlobalSection
EndGlobal
